
Microsoft Visual Studio Solution File, Format Version 12.00
# Visual Studio Version 17
VisualStudioVersion = 17.0.31903.59
MinimumVisualStudioVersion = 10.0.40219.1
Project("{FAE04EC0-301F-11D3-BF4B-00C04F79EFBC}") = "Restaurant_manager_x_backend", "Restaurant_manager_x_backend\Restaurant_manager_x_backend.csproj", "{9703B278-FCE1-4711-B7B8-0F74218FEDC2}"
EndProject
Global
	GlobalSection(SolutionConfigurationPlatforms) = preSolution
		Debug|Any CPU = Debug|Any CPU
		Release|Any CPU = Release|Any CPU
	EndGlobalSection
	GlobalSection(SolutionProperties) = preSolution
		HideSolutionNode = FALSE
	EndGlobalSection
	GlobalSection(ProjectConfigurationPlatforms) = postSolution
		{9703B278-FCE1-4711-B7B8-0F74218FEDC2}.Debug|Any CPU.ActiveCfg = Debug|Any CPU
		{9703B278-FCE1-4711-B7B8-0F74218FEDC2}.Debug|Any CPU.Build.0 = Debug|Any CPU
		{9703B278-FCE1-4711-B7B8-0F74218FEDC2}.Release|Any CPU.ActiveCfg = Release|Any CPU
		{9703B278-FCE1-4711-B7B8-0F74218FEDC2}.Release|Any CPU.Build.0 = Release|Any CPU
	EndGlobalSection
EndGlobal
